
Microsoft Visual Studio Solution File, Format Version 12.00
# Visual Studio Version 16
VisualStudioVersion = 16.0.30717.126
MinimumVisualStudioVersion = 10.0.40219.1
Project("{FAE04EC0-301F-11D3-BF4B-00C04F79EFBC}") = "001_DataStructures", "DataStructures\001_DataStructures.csproj", "{6AE6C81B-C2E1-4214-9DEC-B41FD43EE5AE}"
EndProject
Project("{FAE04EC0-301F-11D3-BF4B-00C04F79EFBC}") = "002_Array", "002_Array\002_Array.csproj", "{C318397F-0D5C-436C-AEF4-E9748A0199B1}"
EndProject
Global
	GlobalSection(SolutionConfigurationPlatforms) = preSolution
		Debug|Any CPU = Debug|Any CPU
		Release|Any CPU = Release|Any CPU
	EndGlobalSection
	GlobalSection(ProjectConfigurationPlatforms) = postSolution
		{6AE6C81B-C2E1-4214-9DEC-B41FD43EE5AE}.Debug|Any CPU.ActiveCfg = Debug|Any CPU
		{6AE6C81B-C2E1-4214-9DEC-B41FD43EE5AE}.Debug|Any CPU.Build.0 = Debug|Any CPU
		{6AE6C81B-C2E1-4214-9DEC-B41FD43EE5AE}.Release|Any CPU.ActiveCfg = Release|Any CPU
		{6AE6C81B-C2E1-4214-9DEC-B41FD43EE5AE}.Release|Any CPU.Build.0 = Release|Any CPU
		{C318397F-0D5C-436C-AEF4-E9748A0199B1}.Debug|Any CPU.ActiveCfg = Debug|Any CPU
		{C318397F-0D5C-436C-AEF4-E9748A0199B1}.Debug|Any CPU.Build.0 = Debug|Any CPU
		{C318397F-0D5C-436C-AEF4-E9748A0199B1}.Release|Any CPU.ActiveCfg = Release|Any CPU
		{C318397F-0D5C-436C-AEF4-E9748A0199B1}.Release|Any CPU.Build.0 = Release|Any CPU
	EndGlobalSection
	GlobalSection(SolutionProperties) = preSolution
		HideSolutionNode = FALSE
	EndGlobalSection
	GlobalSection(ExtensibilityGlobals) = postSolution
		SolutionGuid = {21A31821-E725-4B02-810A-4FA285FEF0E4}
	EndGlobalSection
EndGlobal
